
Microsoft Visual Studio Solution File, Format Version 12.00
# Visual Studio Version 17
VisualStudioVersion = 17.5.33627.172
MinimumVisualStudioVersion = 10.0.40219.1
Project("{FAE04EC0-301F-11D3-BF4B-00C04F79EFBC}") = "WebApplication1", "WebApplication1\WebApplication1.csproj", "{EAC42144-4BE3-4CB5-B590-38DEDFA31845}"
EndProject
Global
	GlobalSection(SolutionConfigurationPlatforms) = preSolution
		Debug|Any CPU = Debug|Any CPU
		Release|Any CPU = Release|Any CPU
	EndGlobalSection
	GlobalSection(ProjectConfigurationPlatforms) = postSolution
		{EAC42144-4BE3-4CB5-B590-38DEDFA31845}.Debug|Any CPU.ActiveCfg = Debug|Any CPU
		{EAC42144-4BE3-4CB5-B590-38DEDFA31845}.Debug|Any CPU.Build.0 = Debug|Any CPU
		{EAC42144-4BE3-4CB5-B590-38DEDFA31845}.Release|Any CPU.ActiveCfg = Release|Any CPU
		{EAC42144-4BE3-4CB5-B590-38DEDFA31845}.Release|Any CPU.Build.0 = Release|Any CPU
	EndGlobalSection
	GlobalSection(SolutionProperties) = preSolution
		HideSolutionNode = FALSE
	EndGlobalSection
	GlobalSection(ExtensibilityGlobals) = postSolution
		SolutionGuid = {CE7F170A-34AE-49CD-B21A-3881248F65CC}
	EndGlobalSection
EndGlobal
